# This file is automatically @generated by Cargo.
# It is not intended for manual editing.
version = 4

[[package]]
name = "use-density"
version = "0.0.1"

[[package]]
name = "use-electricity"
version = "0.0.1"

[[package]]
name = "use-energy"
version = "0.0.1"

[[package]]
name = "use-force"
version = "0.0.1"

[[package]]
name = "use-gravity"
version = "0.0.1"

[[package]]
name = "use-momentum"
version = "0.0.1"

[[package]]
name = "use-motion"
version = "0.0.1"

[[package]]
name = "use-particle"
version = "0.0.1"

[[package]]
name = "use-physics"
version = "0.0.1"
dependencies = [
 "use-density",
 "use-electricity",
 "use-energy",
 "use-force",
 "use-gravity",
 "use-momentum",
 "use-motion",
 "use-particle",
 "use-power",
 "use-pressure",
 "use-thermodynamics",
]

[[package]]
name = "use-power"
version = "0.0.1"

[[package]]
name = "use-pressure"
version = "0.0.1"

[[package]]
name = "use-thermodynamics"
version = "0.0.1"
